// !$*UTF8*$!
{
	archiveVersion = 1;
	classes = {
	};
	objectVersion = 56;
	objects = {

/* Begin PBXBuildFile section */
		119A314C2AA621B3005D042E /* rotaryApp.swift in Sources */ = {isa = PBXBuildFile; fileRef = 119A314B2AA621B3005D042E /* rotaryApp.swift */; };
		119A314E2AA621B3005D042E /* ContentView.swift in Sources */ = {isa = PBXBuildFile; fileRef = 119A314D2AA621B3005D042E /* ContentView.swift */; };
		119A31502AA621B4005D042E /* Assets.xcassets in Resources */ = {isa = PBXBuildFile; fileRef = 119A314F2AA621B4005D042E /* Assets.xcassets */; };
		119A31532AA621B4005D042E /* Preview Assets.xcassets in Resources */ = {isa = PBXBuildFile; fileRef = 119A31522AA621B4005D042E /* Preview Assets.xcassets */; };
		119A315D2AA621B4005D042E /* rotaryTests.swift in Sources */ = {isa = PBXBuildFile; fileRef = 119A315C2AA621B4005D042E /* rotaryTests.swift */; };
		119A31672AA621B4005D042E /* rotaryUITests.swift in Sources */ = {isa = PBXBuildFile; fileRef = 119A31662AA621B4005D042E /* rotaryUITests.swift */; };
		119A31692AA621B4005D042E /* rotaryUITestsLaunchTests.swift in Sources */ = {isa = PBXBuildFile; fileRef = 119A31682AA621B4005D042E /* rotaryUITestsLaunchTests.swift */; };
/* End PBXBuildFile section */

/* Begin PBXContainerItemProxy section */
		119A31592AA621B4005D042E /* PBXContainerItemProxy */ = {
			isa = PBXContainerItemProxy;
			containerPortal = 119A31402AA621B3005D042E /* Project object */;
			proxyType = 1;
			remoteGlobalIDString = 119A31472AA621B3005D042E;
			remoteInfo = rotary;
		};
		119A31632AA621B4005D042E /* PBXContainerItemProxy */ = {
			isa = PBXContainerItemProxy;
			containerPortal = 119A31402AA621B3005D042E /* Project object */;
			proxyType = 1;
			remoteGlobalIDString = 119A31472AA621B3005D042E;
			remoteInfo = rotary;
		};
/* End PBXContainerItemProxy section */

/* Begin PBXFileReference section */
		119A31482AA621B3005D042E /* rotary.app */ = {isa = PBXFileReference; explicitFileType = wrapper.application; includeInIndex = 0; path = rotary.app; sourceTree = BUILT_PRODUCTS_DIR; };
		119A314B2AA621B3005D042E /* rotaryApp.swift */ = {isa = PBXFileReference; lastKnownFileType = sourcecode.swift; path = rotaryApp.swift; sourceTree = "<group>"; };
		119A314D2AA621B3005D042E /* ContentView.swift */ = {isa = PBXFileReference; lastKnownFileType = sourcecode.swift; path = ContentView.swift; sourceTree = "<group>"; };
		119A314F2AA621B4005D042E /* Assets.xcassets */ = {isa = PBXFileReference; lastKnownFileType = folder.assetcatalog; path = Assets.xcassets; sourceTree = "<group>"; };
		119A31522AA621B4005D042E /* Preview Assets.xcassets */ = {isa = PBXFileReference; lastKnownFileType = folder.assetcatalog; path = "Preview Assets.xcassets"; sourceTree = "<group>"; };
		119A31582AA621B4005D042E /* rotaryTests.xctest */ = {isa = PBXFileReference; explicitFileType = wrapper.cfbundle; includeInIndex = 0; path = rotaryTests.xctest; sourceTree = BUILT_PRODUCTS_DIR; };
		119A315C2AA621B4005D042E /* rotaryTests.swift */ = {isa = PBXFileReference; lastKnownFileType = sourcecode.swift; path = rotaryTests.swift; sourceTree = "<group>"; };
		119A31622AA621B4005D042E /* rotaryUITests.xctest */ = {isa = PBXFileReference; explicitFileType = wrapper.cfbundle; includeInIndex = 0; path = rotaryUITests.xctest; sourceTree = BUILT_PRODUCTS_DIR; };
		119A31662AA621B4005D042E /* rotaryUITests.swift */ = {isa = PBXFileReference; lastKnownFileType = sourcecode.swift; path = rotaryUITests.swift; sourceTree = "<group>"; };
		119A31682AA621B4005D042E /* rotaryUITestsLaunchTests.swift */ = {isa = PBXFileReference; lastKnownFileType = sourcecode.swift; path = rotaryUITestsLaunchTests.swift; sourceTree = "<group>"; };
/* End PBXFileReference section */

/* Begin PBXFrameworksBuildPhase section */
		119A31452AA621B3005D042E /* Frameworks */ = {
			isa = PBXFrameworksBuildPhase;
			buildActionMask = 2147483647;
			files = (
			);
			runOnlyForDeploymentPostprocessing = 0;
		};
		119A31552AA621B4005D042E /* Frameworks */ = {
			isa = PBXFrameworksBuildPhase;
			buildActionMask = 2147483647;
			files = (
			);
			runOnlyForDeploymentPostprocessing = 0;
		};
		119A315F2AA621B4005D042E /* Frameworks */ = {
			isa = PBXFrameworksBuildPhase;
			buildActionMask = 2147483647;
			files = (
			);
			runOnlyForDeploymentPostprocessing = 0;
		};
/* End PBXFrameworksBuildPhase section */

/* Begin PBXGroup section */
		119A313F2AA621B3005D042E = {
			isa = PBXGroup;
			children = (
				119A314A2AA621B3005D042E /* rotary */,
				119A315B2AA621B4005D042E /* rotaryTests */,
				119A31652AA621B4005D042E /* rotaryUITests */,
				119A31492AA621B3005D042E /* Products */,
			);
			sourceTree = "<group>";
		};
		119A31492AA621B3005D042E /* Products */ = {
			isa = PBXGroup;
			children = (
				119A31482AA621B3005D042E /* rotary.app */,
				119A31582AA621B4005D042E /* rotaryTests.xctest */,
				119A31622AA621B4005D042E /* rotaryUITests.xctest */,
			);
			name = Products;
			sourceTree = "<group>";
		};
		119A314A2AA621B3005D042E /* rotary */ = {
			isa = PBXGroup;
			children = (
				119A314B2AA621B3005D042E /* rotaryApp.swift */,
				119A314D2AA621B3005D042E /* ContentView.swift */,
				119A314F2AA621B4005D042E /* Assets.xcassets */,
				119A31512AA621B4005D042E /* Preview Content */,
			);
			path = rotary;
			sourceTree = "<group>";
		};
		119A31512AA621B4005D042E /* Preview Content */ = {
			isa = PBXGroup;
			children = (
				119A31522AA621B4005D042E /* Preview Assets.xcassets */,
			);
			path = "Preview Content";
			sourceTree = "<group>";
		};
		119A315B2AA621B4005D042E /* rotaryTests */ = {
			isa = PBXGroup;
			children = (
				119A315C2AA621B4005D042E /* rotaryTests.swift */,
			);
			path = rotaryTests;
			sourceTree = "<group>";
		};
		119A31652AA621B4005D042E /* rotaryUITests */ = {
			isa = PBXGroup;
			children = (
				119A31662AA621B4005D042E /* rotaryUITests.swift */,
				119A31682AA621B4005D042E /* rotaryUITestsLaunchTests.swift */,
			);
			path = rotaryUITests;
			sourceTree = "<group>";
		};
/* End PBXGroup section */

/* Begin PBXNativeTarget section */
		119A31472AA621B3005D042E /* rotary */ = {
			isa = PBXNativeTarget;
			buildConfigurationList = 119A316C2AA621B4005D042E /* Build configuration list for PBXNativeTarget "rotary" */;
			buildPhases = (
				119A31442AA621B3005D042E /* Sources */,
				119A31452AA621B3005D042E /* Frameworks */,
				119A31462AA621B3005D042E /* Resources */,
			);
			buildRules = (
			);
			dependencies = (
			);
			name = rotary;
			productName = rotary;
			productReference = 119A31482AA621B3005D042E /* rotary.app */;
			productType = "com.apple.product-type.application";
		};
		119A31572AA621B4005D042E /* rotaryTests */ = {
			isa = PBXNativeTarget;
			buildConfigurationList = 119A316F2AA621B4005D042E /* Build configuration list for PBXNativeTarget "rotaryTests" */;
			buildPhases = (
				119A31542AA621B4005D042E /* Sources */,
				119A31552AA621B4005D042E /* Frameworks */,
				119A31562AA621B4005D042E /* Resources */,
			);
			buildRules = (
			);
			dependencies = (
				119A315A2AA621B4005D042E /* PBXTargetDependency */,
			);
			name = rotaryTests;
			productName = rotaryTests;
			productReference = 119A31582AA621B4005D042E /* rotaryTests.xctest */;
			productType = "com.apple.product-type.bundle.unit-test";
		};
		119A31612AA621B4005D042E /* rotaryUITests */ = {
			isa = PBXNativeTarget;
			buildConfigurationList = 119A31722AA621B4005D042E /* Build configuration list for PBXNativeTarget "rotaryUITests" */;
			buildPhases = (
				119A315E2AA621B4005D042E /* Sources */,
				119A315F2AA621B4005D042E /* Frameworks */,
				119A31602AA621B4005D042E /* Resources */,
			);
			buildRules = (
			);
			dependencies = (
				119A31642AA621B4005D042E /* PBXTargetDependency */,
			);
			name = rotaryUITests;
			productName = rotaryUITests;
			productReference = 119A31622AA621B4005D042E /* rotaryUITests.xctest */;
			productType = "com.apple.product-type.bundle.ui-testing";
		};
/* End PBXNativeTarget section */

/* Begin PBXProject section */
		119A31402AA621B3005D042E /* Project object */ = {
			isa = PBXProject;
			attributes = {
				BuildIndependentTargetsInParallel = 1;
				LastSwiftUpdateCheck = 1430;
				LastUpgradeCheck = 1430;
				TargetAttributes = {
					119A31472AA621B3005D042E = {
						CreatedOnToolsVersion = 14.3.1;
					};
					119A31572AA621B4005D042E = {
						CreatedOnToolsVersion = 14.3.1;
						TestTargetID = 119A31472AA621B3005D042E;
					};
					119A31612AA621B4005D042E = {
						CreatedOnToolsVersion = 14.3.1;
						TestTargetID = 119A31472AA621B3005D042E;
					};
				};
			};
			buildConfigurationList = 119A31432AA621B3005D042E /* Build configuration list for PBXProject "rotary" */;
			compatibilityVersion = "Xcode 14.0";
			developmentRegion = en;
			hasScannedForEncodings = 0;
			knownRegions = (
				en,
				Base,
			);
			mainGroup = 119A313F2AA621B3005D042E;
			productRefGroup = 119A31492AA621B3005D042E /* Products */;
			projectDirPath = "";
			projectRoot = "";
			targets = (
				119A31472AA621B3005D042E /* rotary */,
				119A31572AA621B4005D042E /* rotaryTests */,
				119A31612AA621B4005D042E /* rotaryUITests */,
			);
		};
/* End PBXProject section */

/* Begin PBXResourcesBuildPhase section */
		119A31462AA621B3005D042E /* Resources */ = {
			isa = PBXResourcesBuildPhase;
			buildActionMask = 2147483647;
			files = (
				119A31532AA621B4005D042E /* Preview Assets.xcassets in Resources */,
				119A31502AA621B4005D042E /* Assets.xcassets in Resources */,
			);
			runOnlyForDeploymentPostprocessing = 0;
		};
		119A31562AA621B4005D042E /* Resources */ = {
			isa = PBXResourcesBuildPhase;
			buildActionMask = 2147483647;
			files = (
			);
			runOnlyForDeploymentPostprocessing = 0;
		};
		119A31602AA621B4005D042E /* Resources */ = {
			isa = PBXResourcesBuildPhase;
			buildActionMask = 2147483647;
			files = (
			);
			runOnlyForDeploymentPostprocessing = 0;
		};
/* End PBXResourcesBuildPhase section */

/* Begin PBXSourcesBuildPhase section */
		119A31442AA621B3005D042E /* Sources */ = {
			isa = PBXSourcesBuildPhase;
			buildActionMask = 2147483647;
			files = (
				119A314E2AA621B3005D042E /* ContentView.swift in Sources */,
				119A314C2AA621B3005D042E /* rotaryApp.swift in Sources */,
			);
			runOnlyForDeploymentPostprocessing = 0;
		};
		119A31542AA621B4005D042E /* Sources */ = {
			isa = PBXSourcesBuildPhase;
			buildActionMask = 2147483647;
			files = (
				119A315D2AA621B4005D042E /* rotaryTests.swift in Sources */,
			);
			runOnlyForDeploymentPostprocessing = 0;
		};
		119A315E2AA621B4005D042E /* Sources */ = {
			isa = PBXSourcesBuildPhase;
			buildActionMask = 2147483647;
			files = (
				119A31672AA621B4005D042E /* rotaryUITests.swift in Sources */,
				119A31692AA621B4005D042E /* rotaryUITestsLaunchTests.swift in Sources */,
			);
			runOnlyForDeploymentPostprocessing = 0;
		};
/* End PBXSourcesBuildPhase section */

/* Begin PBXTargetDependency section */
		119A315A2AA621B4005D042E /* PBXTargetDependency */ = {
			isa = PBXTargetDependency;
			target = 119A31472AA621B3005D042E /* rotary */;
			targetProxy = 119A31592AA621B4005D042E /* PBXContainerItemProxy */;
		};
		119A31642AA621B4005D042E /* PBXTargetDependency */ = {
			isa = PBXTargetDependency;
			target = 119A31472AA621B3005D042E /* rotary */;
			targetProxy = 119A31632AA621B4005D042E /* PBXContainerItemProxy */;
		};
/* End PBXTargetDependency section */

/* Begin XCBuildConfiguration section */
		119A316A2AA621B4005D042E /* Debug */ = {
			isa = XCBuildConfiguration;
			buildSettings = {
				ALWAYS_SEARCH_USER_PATHS = NO;
				CLANG_ANALYZER_NONNULL = YES;
				CLANG_ANALYZER_NUMBER_OBJECT_CONVERSION = YES_AGGRESSIVE;
				CLANG_CXX_LANGUAGE_STANDARD = "gnu++20";
				CLANG_ENABLE_MODULES = YES;
				CLANG_ENABLE_OBJC_ARC = YES;
				CLANG_ENABLE_OBJC_WEAK = YES;
				CLANG_WARN_BLOCK_CAPTURE_AUTORELEASING = YES;
				CLANG_WARN_BOOL_CONVERSION = YES;
				CLANG_WARN_COMMA = YES;
				CLANG_WARN_CONSTANT_CONVERSION = YES;
				CLANG_WARN_DEPRECATED_OBJC_IMPLEMENTATIONS = YES;
				CLANG_WARN_DIRECT_OBJC_ISA_USAGE = YES_ERROR;
				CLANG_WARN_DOCUMENTATION_COMMENTS = YES;
				CLANG_WARN_EMPTY_BODY = YES;
				CLANG_WARN_ENUM_CONVERSION = YES;
				CLANG_WARN_INFINITE_RECURSION = YES;
				CLANG_WARN_INT_CONVERSION = YES;
				CLANG_WARN_NON_LITERAL_NULL_CONVERSION = YES;
				CLANG_WARN_OBJC_IMPLICIT_RETAIN_SELF = YES;
				CLANG_WARN_OBJC_LITERAL_CONVERSION = YES;
				CLANG_WARN_OBJC_ROOT_CLASS = YES_ERROR;
				CLANG_WARN_QUOTED_INCLUDE_IN_FRAMEWORK_HEADER = YES;
				CLANG_WARN_RANGE_LOOP_ANALYSIS = YES;
				CLANG_WARN_STRICT_PROTOTYPES = YES;
				CLANG_WARN_SUSPICIOUS_MOVE = YES;
				CLANG_WARN_UNGUARDED_AVAILABILITY = YES_AGGRESSIVE;
				CLANG_WARN_UNREACHABLE_CODE = YES;
				CLANG_WARN__DUPLICATE_METHOD_MATCH = YES;
				COPY_PHASE_STRIP = NO;
				DEBUG_INFORMATION_FORMAT = dwarf;
				ENABLE_STRICT_OBJC_MSGSEND = YES;
				ENABLE_TESTABILITY = YES;
				GCC_C_LANGUAGE_STANDARD = gnu11;
				GCC_DYNAMIC_NO_PIC = NO;
				GCC_NO_COMMON_BLOCKS = YES;
				GCC_OPTIMIZATION_LEVEL = 0;
				GCC_PREPROCESSOR_DEFINITIONS = (
					"DEBUG=1",
					"$(inherited)",
				);
				GCC_WARN_64_TO_32_BIT_CONVERSION = YES;
				GCC_WARN_ABOUT_RETURN_TYPE = YES_ERROR;
				GCC_WARN_UNDECLARED_SELECTOR = YES;
				GCC_WARN_UNINITIALIZED_AUTOS = YES_AGGRESSIVE;
				GCC_WARN_UNUSED_FUNCTION = YES;
				GCC_WARN_UNUSED_VARIABLE = YES;
				IPHONEOS_DEPLOYMENT_TARGET = 16.4;
				MTL_ENABLE_DEBUG_INFO = INCLUDE_SOURCE;
				MTL_FAST_MATH = YES;
				ONLY_ACTIVE_ARCH = YES;
				SDKROOT = iphoneos;
				SWIFT_ACTIVE_COMPILATION_CONDITIONS = DEBUG;
				SWIFT_OPTIMIZATION_LEVEL = "-Onone";
			};
			name = Debug;
		};
		119A316B2AA621B4005D042E /* Release */ = {
			isa = XCBuildConfiguration;
			buildSettings = {
				ALWAYS_SEARCH_USER_PATHS = NO;
				CLANG_ANALYZER_NONNULL = YES;
				CLANG_ANALYZER_NUMBER_OBJECT_CONVERSION = YES_AGGRESSIVE;
				CLANG_CXX_LANGUAGE_STANDARD = "gnu++20";
				CLANG_ENABLE_MODULES = YES;
				CLANG_ENABLE_OBJC_ARC = YES;
				CLANG_ENABLE_OBJC_WEAK = YES;
				CLANG_WARN_BLOCK_CAPTURE_AUTORELEASING = YES;
				CLANG_WARN_BOOL_CONVERSION = YES;
				CLANG_WARN_COMMA = YES;
				CLANG_WARN_CONSTANT_CONVERSION = YES;
				CLANG_WARN_DEPRECATED_OBJC_IMPLEMENTATIONS = YES;
				CLANG_WARN_DIRECT_OBJC_ISA_USAGE = YES_ERROR;
				CLANG_WARN_DOCUMENTATION_COMMENTS = YES;
				CLANG_WARN_EMPTY_BODY = YES;
				CLANG_WARN_ENUM_CONVERSION = YES;
				CLANG_WARN_INFINITE_RECURSION = YES;
				CLANG_WARN_INT_CONVERSION = YES;
				CLANG_WARN_NON_LITERAL_NULL_CONVERSION = YES;
				CLANG_WARN_OBJC_IMPLICIT_RETAIN_SELF = YES;
				CLANG_WARN_OBJC_LITERAL_CONVERSION = YES;
				CLANG_WARN_OBJC_ROOT_CLASS = YES_ERROR;
				CLANG_WARN_QUOTED_INCLUDE_IN_FRAMEWORK_HEADER = YES;
				CLANG_WARN_RANGE_LOOP_ANALYSIS = YES;
				CLANG_WARN_STRICT_PROTOTYPES = YES;
				CLANG_WARN_SUSPICIOUS_MOVE = YES;
				CLANG_WARN_UNGUARDED_AVAILABILITY = YES_AGGRESSIVE;
				CLANG_WARN_UNREACHABLE_CODE = YES;
				CLANG_WARN__DUPLICATE_METHOD_MATCH = YES;
				COPY_PHASE_STRIP = NO;
				DEBUG_INFORMATION_FORMAT = "dwarf-with-dsym";
				ENABLE_NS_ASSERTIONS = NO;
				ENABLE_STRICT_OBJC_MSGSEND = YES;
				GCC_C_LANGUAGE_STANDARD = gnu11;
				GCC_NO_COMMON_BLOCKS = YES;
				GCC_WARN_64_TO_32_BIT_CONVERSION = YES;
				GCC_WARN_ABOUT_RETURN_TYPE = YES_ERROR;
				GCC_WARN_UNDECLARED_SELECTOR = YES;
				GCC_WARN_UNINITIALIZED_AUTOS = YES_AGGRESSIVE;
				GCC_WARN_UNUSED_FUNCTION = YES;
				GCC_WARN_UNUSED_VARIABLE = YES;
				IPHONEOS_DEPLOYMENT_TARGET = 16.4;
				MTL_ENABLE_DEBUG_INFO = NO;
				MTL_FAST_MATH = YES;
				SDKROOT = iphoneos;
				SWIFT_COMPILATION_MODE = wholemodule;
				SWIFT_OPTIMIZATION_LEVEL = "-O";
				VALIDATE_PRODUCT = YES;
			};
			name = Release;
		};
		119A316D2AA621B4005D042E /* Debug */ = {
			isa = XCBuildConfiguration;
			buildSettings = {
				ASSETCATALOG_COMPILER_APPICON_NAME = AppIcon;
				ASSETCATALOG_COMPILER_GLOBAL_ACCENT_COLOR_NAME = AccentColor;
				CODE_SIGN_STYLE = Automatic;
				CURRENT_PROJECT_VERSION = 1;
				DEVELOPMENT_ASSET_PATHS = "\"rotary/Preview Content\"";
				DEVELOPMENT_TEAM = 3726845BCQ;
				ENABLE_PREVIEWS = YES;
				GENERATE_INFOPLIST_FILE = YES;
				INFOPLIST_KEY_UIApplicationSceneManifest_Generation = YES;
				INFOPLIST_KEY_UIApplicationSupportsIndirectInputEvents = YES;
				INFOPLIST_KEY_UILaunchScreen_Generation = YES;
				INFOPLIST_KEY_UISupportedInterfaceOrientations_iPad = "UIInterfaceOrientationPortrait UIInterfaceOrientationPortraitUpsideDown UIInterfaceOrientationLandscapeLeft UIInterfaceOrientationLandscapeRight";
				INFOPLIST_KEY_UISupportedInterfaceOrientations_iPhone = "UIInterfaceOrientationPortrait UIInterfaceOrientationLandscapeLeft UIInterfaceOrientationLandscapeRight";
				LD_RUNPATH_SEARCH_PATHS = (
					"$(inherited)",
					"@executable_path/Frameworks",
				);
				MARKETING_VERSION = 1.0;
				PRODUCT_BUNDLE_IDENTIFIER = org.en0.rotary;
				PRODUCT_NAME = "$(TARGET_NAME)";
				SWIFT_EMIT_LOC_STRINGS = YES;
				SWIFT_VERSION = 5.0;
				TARGETED_DEVICE_FAMILY = "1,2";
			};
			name = Debug;
		};
		119A316E2AA621B4005D042E /* Release */ = {
			isa = XCBuildConfiguration;
			buildSettings = {
				ASSETCATALOG_COMPILER_APPICON_NAME = AppIcon;
				ASSETCATALOG_COMPILER_GLOBAL_ACCENT_COLOR_NAME = AccentColor;
				CODE_SIGN_STYLE = Automatic;
				CURRENT_PROJECT_VERSION = 1;
				DEVELOPMENT_ASSET_PATHS = "\"rotary/Preview Content\"";
				DEVELOPMENT_TEAM = 3726845BCQ;
				ENABLE_PREVIEWS = YES;
				GENERATE_INFOPLIST_FILE = YES;
				INFOPLIST_KEY_UIApplicationSceneManifest_Generation = YES;
				INFOPLIST_KEY_UIApplicationSupportsIndirectInputEvents = YES;
				INFOPLIST_KEY_UILaunchScreen_Generation = YES;
				INFOPLIST_KEY_UISupportedInterfaceOrientations_iPad = "UIInterfaceOrientationPortrait UIInterfaceOrientationPortraitUpsideDown UIInterfaceOrientationLandscapeLeft UIInterfaceOrientationLandscapeRight";
				INFOPLIST_KEY_UISupportedInterfaceOrientations_iPhone = "UIInterfaceOrientationPortrait UIInterfaceOrientationLandscapeLeft UIInterfaceOrientationLandscapeRight";
				LD_RUNPATH_SEARCH_PATHS = (
					"$(inherited)",
					"@executable_path/Frameworks",
				);
				MARKETING_VERSION = 1.0;
				PRODUCT_BUNDLE_IDENTIFIER = org.en0.rotary;
				PRODUCT_NAME = "$(TARGET_NAME)";
				SWIFT_EMIT_LOC_STRINGS = YES;
				SWIFT_VERSION = 5.0;
				TARGETED_DEVICE_FAMILY = "1,2";
			};
			name = Release;
		};
		119A31702AA621B4005D042E /* Debug */ = {
			isa = XCBuildConfiguration;
			buildSettings = {
				ALWAYS_EMBED_SWIFT_STANDARD_LIBRARIES = YES;
				BUNDLE_LOADER = "$(TEST_HOST)";
				CODE_SIGN_STYLE = Automatic;
				CURRENT_PROJECT_VERSION = 1;
				DEVELOPMENT_TEAM = 3726845BCQ;
				GENERATE_INFOPLIST_FILE = YES;
				IPHONEOS_DEPLOYMENT_TARGET = 16.4;
				MARKETING_VERSION = 1.0;
				PRODUCT_BUNDLE_IDENTIFIER = org.en0.rotaryTests;
				PRODUCT_NAME = "$(TARGET_NAME)";
				SWIFT_EMIT_LOC_STRINGS = NO;
				SWIFT_VERSION = 5.0;
				TARGETED_DEVICE_FAMILY = "1,2";
				TEST_HOST = "$(BUILT_PRODUCTS_DIR)/rotary.app/$(BUNDLE_EXECUTABLE_FOLDER_PATH)/rotary";
			};
			name = Debug;
		};
		119A31712AA621B4005D042E /* Release */ = {
			isa = XCBuildConfiguration;
			buildSettings = {
				ALWAYS_EMBED_SWIFT_STANDARD_LIBRARIES = YES;
				BUNDLE_LOADER = "$(TEST_HOST)";
				CODE_SIGN_STYLE = Automatic;
				CURRENT_PROJECT_VERSION = 1;
				DEVELOPMENT_TEAM = 3726845BCQ;
				GENERATE_INFOPLIST_FILE = YES;
				IPHONEOS_DEPLOYMENT_TARGET = 16.4;
				MARKETING_VERSION = 1.0;
				PRODUCT_BUNDLE_IDENTIFIER = org.en0.rotaryTests;
				PRODUCT_NAME = "$(TARGET_NAME)";
				SWIFT_EMIT_LOC_STRINGS = NO;
				SWIFT_VERSION = 5.0;
				TARGETED_DEVICE_FAMILY = "1,2";
				TEST_HOST = "$(BUILT_PRODUCTS_DIR)/rotary.app/$(BUNDLE_EXECUTABLE_FOLDER_PATH)/rotary";
			};
			name = Release;
		};
		119A31732AA621B4005D042E /* Debug */ = {
			isa = XCBuildConfiguration;
			buildSettings = {
				ALWAYS_EMBED_SWIFT_STANDARD_LIBRARIES = YES;
				CODE_SIGN_STYLE = Automatic;
				CURRENT_PROJECT_VERSION = 1;
				DEVELOPMENT_TEAM = 3726845BCQ;
				GENERATE_INFOPLIST_FILE = YES;
				MARKETING_VERSION = 1.0;
				PRODUCT_BUNDLE_IDENTIFIER = org.en0.rotaryUITests;
				PRODUCT_NAME = "$(TARGET_NAME)";
				SWIFT_EMIT_LOC_STRINGS = NO;
				SWIFT_VERSION = 5.0;
				TARGETED_DEVICE_FAMILY = "1,2";
				TEST_TARGET_NAME = rotary;
			};
			name = Debug;
		};
		119A31742AA621B4005D042E /* Release */ = {
			isa = XCBuildConfiguration;
			buildSettings = {
				ALWAYS_EMBED_SWIFT_STANDARD_LIBRARIES = YES;
				CODE_SIGN_STYLE = Automatic;
				CURRENT_PROJECT_VERSION = 1;
				DEVELOPMENT_TEAM = 3726845BCQ;
				GENERATE_INFOPLIST_FILE = YES;
				MARKETING_VERSION = 1.0;
				PRODUCT_BUNDLE_IDENTIFIER = org.en0.rotaryUITests;
				PRODUCT_NAME = "$(TARGET_NAME)";
				SWIFT_EMIT_LOC_STRINGS = NO;
				SWIFT_VERSION = 5.0;
				TARGETED_DEVICE_FAMILY = "1,2";
				TEST_TARGET_NAME = rotary;
			};
			name = Release;
		};
/* End XCBuildConfiguration section */

/* Begin XCConfigurationList section */
		119A31432AA621B3005D042E /* Build configuration list for PBXProject "rotary" */ = {
			isa = XCConfigurationList;
			buildConfigurations = (
				119A316A2AA621B4005D042E /* Debug */,
				119A316B2AA621B4005D042E /* Release */,
			);
			defaultConfigurationIsVisible = 0;
			defaultConfigurationName = Release;
		};
		119A316C2AA621B4005D042E /* Build configuration list for PBXNativeTarget "rotary" */ = {
			isa = XCConfigurationList;
			buildConfigurations = (
				119A316D2AA621B4005D042E /* Debug */,
				119A316E2AA621B4005D042E /* Release */,
			);
			defaultConfigurationIsVisible = 0;
			defaultConfigurationName = Release;
		};
		119A316F2AA621B4005D042E /* Build configuration list for PBXNativeTarget "rotaryTests" */ = {
			isa = XCConfigurationList;
			buildConfigurations = (
				119A31702AA621B4005D042E /* Debug */,
				119A31712AA621B4005D042E /* Release */,
			);
			defaultConfigurationIsVisible = 0;
			defaultConfigurationName = Release;
		};
		119A31722AA621B4005D042E /* Build configuration list for PBXNativeTarget "rotaryUITests" */ = {
			isa = XCConfigurationList;
			buildConfigurations = (
				119A31732AA621B4005D042E /* Debug */,
				119A31742AA621B4005D042E /* Release */,
			);
			defaultConfigurationIsVisible = 0;
			defaultConfigurationName = Release;
		};
/* End XCConfigurationList section */
	};
	rootObject = 119A31402AA621B3005D042E /* Project object */;
}
